
Microsoft Visual Studio Solution File, Format Version 12.00
# Visual Studio 2013
VisualStudioVersion = 12.0.30110.0
MinimumVisualStudioVersion = 10.0.40219.1
Project("{FAE04EC0-301F-11D3-BF4B-00C04F79EFBC}") = "RubiksUIControls", "RubiksUIControls\RubiksUIControls.csproj", "{457A4BE9-7662-4571-8E42-D0E20CBC7FED}"
EndProject
Project("{FAE04EC0-301F-11D3-BF4B-00C04F79EFBC}") = "RubiksUIControls.SystemTest", "RubiksUIControls.SystemTest\RubiksUIControls.SystemTest.csproj", "{08B04F53-A5F1-47EA-B0E2-3F6E4C6A0C52}"
EndProject
Project("{2150E333-8FDC-42A3-9474-1A3956D46DE8}") = "UIControls", "UIControls", "{281823F1-E92A-4BDA-9E32-B9FCB723B70B}"
EndProject
Project("{FAE04EC0-301F-11D3-BF4B-00C04F79EFBC}") = "RubiksShell", "RubiksShell\RubiksShell.csproj", "{A004C787-6673-4CB1-A03D-0D8354E31175}"
EndProject
Project("{2150E333-8FDC-42A3-9474-1A3956D46DE8}") = "Modules", "Modules", "{1944DD5A-0FEE-4E50-80D4-59D4A646C711}"
EndProject
Project("{FAE04EC0-301F-11D3-BF4B-00C04F79EFBC}") = "CubeConfiguratorModule", "CubeConfiguratorModule\CubeConfiguratorModule.csproj", "{65A4DDF4-3186-4A5F-995D-10B556A50D44}"
EndProject
Project("{FAE04EC0-301F-11D3-BF4B-00C04F79EFBC}") = "CubeSolverModule", "CubeSolverModule\CubeSolverModule.csproj", "{5EA72448-52D7-48D9-AFF7-438B75BE5B09}"
EndProject
Project("{FAE04EC0-301F-11D3-BF4B-00C04F79EFBC}") = "CubeSolverModule.Test", "CubeSolverModule.Test\CubeSolverModule.Test.csproj", "{C2E00601-F1CD-44DC-A12C-B55793E87BB9}"
EndProject
Project("{2150E333-8FDC-42A3-9474-1A3956D46DE8}") = "Deployment", "Deployment", "{878B276C-B3FC-4022-A5B0-45CC08A27362}"
EndProject
Project("{930C7802-8A8C-48F9-8165-68863BCCD9DD}") = "RAlgorithmSetup", "RAlgorithmSetup\RAlgorithmSetup.wixproj", "{43CF235E-1673-4A2D-A8E0-94F5E9E69B1F}"
EndProject
Project("{930C7802-8A8C-48F9-8165-68863BCCD9DD}") = "RAlgorithmBootstrapper", "RAlgorithmBootstrapper\RAlgorithmBootstrapper.wixproj", "{621D8BCC-DAF5-4CCD-AF77-8CD702680F97}"
EndProject
Global
	GlobalSection(SolutionConfigurationPlatforms) = preSolution
		Debug|Any CPU = Debug|Any CPU
		Debug|Mixed Platforms = Debug|Mixed Platforms
		Debug|x86 = Debug|x86
		Release|Any CPU = Release|Any CPU
		Release|Mixed Platforms = Release|Mixed Platforms
		Release|x86 = Release|x86
	EndGlobalSection
	GlobalSection(ProjectConfigurationPlatforms) = postSolution
		{457A4BE9-7662-4571-8E42-D0E20CBC7FED}.Debug|Any CPU.ActiveCfg = Debug|Any CPU
		{457A4BE9-7662-4571-8E42-D0E20CBC7FED}.Debug|Any CPU.Build.0 = Debug|Any CPU
		{457A4BE9-7662-4571-8E42-D0E20CBC7FED}.Debug|Mixed Platforms.ActiveCfg = Debug|Any CPU
		{457A4BE9-7662-4571-8E42-D0E20CBC7FED}.Debug|Mixed Platforms.Build.0 = Debug|Any CPU
		{457A4BE9-7662-4571-8E42-D0E20CBC7FED}.Debug|x86.ActiveCfg = Debug|Any CPU
		{457A4BE9-7662-4571-8E42-D0E20CBC7FED}.Release|Any CPU.ActiveCfg = Release|Any CPU
		{457A4BE9-7662-4571-8E42-D0E20CBC7FED}.Release|Any CPU.Build.0 = Release|Any CPU
		{457A4BE9-7662-4571-8E42-D0E20CBC7FED}.Release|Mixed Platforms.ActiveCfg = Release|Any CPU
		{457A4BE9-7662-4571-8E42-D0E20CBC7FED}.Release|Mixed Platforms.Build.0 = Release|Any CPU
		{457A4BE9-7662-4571-8E42-D0E20CBC7FED}.Release|x86.ActiveCfg = Release|Any CPU
		{08B04F53-A5F1-47EA-B0E2-3F6E4C6A0C52}.Debug|Any CPU.ActiveCfg = Debug|Any CPU
		{08B04F53-A5F1-47EA-B0E2-3F6E4C6A0C52}.Debug|Any CPU.Build.0 = Debug|Any CPU
		{08B04F53-A5F1-47EA-B0E2-3F6E4C6A0C52}.Debug|Mixed Platforms.ActiveCfg = Debug|Any CPU
		{08B04F53-A5F1-47EA-B0E2-3F6E4C6A0C52}.Debug|Mixed Platforms.Build.0 = Debug|Any CPU
		{08B04F53-A5F1-47EA-B0E2-3F6E4C6A0C52}.Debug|x86.ActiveCfg = Debug|Any CPU
		{08B04F53-A5F1-47EA-B0E2-3F6E4C6A0C52}.Release|Any CPU.ActiveCfg = Release|Any CPU
		{08B04F53-A5F1-47EA-B0E2-3F6E4C6A0C52}.Release|Any CPU.Build.0 = Release|Any CPU
		{08B04F53-A5F1-47EA-B0E2-3F6E4C6A0C52}.Release|Mixed Platforms.ActiveCfg = Release|Any CPU
		{08B04F53-A5F1-47EA-B0E2-3F6E4C6A0C52}.Release|Mixed Platforms.Build.0 = Release|Any CPU
		{08B04F53-A5F1-47EA-B0E2-3F6E4C6A0C52}.Release|x86.ActiveCfg = Release|Any CPU
		{A004C787-6673-4CB1-A03D-0D8354E31175}.Debug|Any CPU.ActiveCfg = Debug|Any CPU
		{A004C787-6673-4CB1-A03D-0D8354E31175}.Debug|Any CPU.Build.0 = Debug|Any CPU
		{A004C787-6673-4CB1-A03D-0D8354E31175}.Debug|Mixed Platforms.ActiveCfg = Debug|Any CPU
		{A004C787-6673-4CB1-A03D-0D8354E31175}.Debug|Mixed Platforms.Build.0 = Debug|Any CPU
		{A004C787-6673-4CB1-A03D-0D8354E31175}.Debug|x86.ActiveCfg = Debug|Any CPU
		{A004C787-6673-4CB1-A03D-0D8354E31175}.Release|Any CPU.ActiveCfg = Release|Any CPU
		{A004C787-6673-4CB1-A03D-0D8354E31175}.Release|Any CPU.Build.0 = Release|Any CPU
		{A004C787-6673-4CB1-A03D-0D8354E31175}.Release|Mixed Platforms.ActiveCfg = Release|Any CPU
		{A004C787-6673-4CB1-A03D-0D8354E31175}.Release|Mixed Platforms.Build.0 = Release|Any CPU
		{A004C787-6673-4CB1-A03D-0D8354E31175}.Release|x86.ActiveCfg = Release|Any CPU
		{65A4DDF4-3186-4A5F-995D-10B556A50D44}.Debug|Any CPU.ActiveCfg = Debug|Any CPU
		{65A4DDF4-3186-4A5F-995D-10B556A50D44}.Debug|Any CPU.Build.0 = Debug|Any CPU
		{65A4DDF4-3186-4A5F-995D-10B556A50D44}.Debug|Mixed Platforms.ActiveCfg = Debug|Any CPU
		{65A4DDF4-3186-4A5F-995D-10B556A50D44}.Debug|Mixed Platforms.Build.0 = Debug|Any CPU
		{65A4DDF4-3186-4A5F-995D-10B556A50D44}.Debug|x86.ActiveCfg = Debug|Any CPU
		{65A4DDF4-3186-4A5F-995D-10B556A50D44}.Release|Any CPU.ActiveCfg = Release|Any CPU
		{65A4DDF4-3186-4A5F-995D-10B556A50D44}.Release|Any CPU.Build.0 = Release|Any CPU
		{65A4DDF4-3186-4A5F-995D-10B556A50D44}.Release|Mixed Platforms.ActiveCfg = Release|Any CPU
		{65A4DDF4-3186-4A5F-995D-10B556A50D44}.Release|Mixed Platforms.Build.0 = Release|Any CPU
		{65A4DDF4-3186-4A5F-995D-10B556A50D44}.Release|x86.ActiveCfg = Release|Any CPU
		{5EA72448-52D7-48D9-AFF7-438B75BE5B09}.Debug|Any CPU.ActiveCfg = Debug|Any CPU
		{5EA72448-52D7-48D9-AFF7-438B75BE5B09}.Debug|Any CPU.Build.0 = Debug|Any CPU
		{5EA72448-52D7-48D9-AFF7-438B75BE5B09}.Debug|Mixed Platforms.ActiveCfg = Debug|Any CPU
		{5EA72448-52D7-48D9-AFF7-438B75BE5B09}.Debug|Mixed Platforms.Build.0 = Debug|Any CPU
		{5EA72448-52D7-48D9-AFF7-438B75BE5B09}.Debug|x86.ActiveCfg = Debug|Any CPU
		{5EA72448-52D7-48D9-AFF7-438B75BE5B09}.Release|Any CPU.ActiveCfg = Release|Any CPU
		{5EA72448-52D7-48D9-AFF7-438B75BE5B09}.Release|Any CPU.Build.0 = Release|Any CPU
		{5EA72448-52D7-48D9-AFF7-438B75BE5B09}.Release|Mixed Platforms.ActiveCfg = Release|Any CPU
		{5EA72448-52D7-48D9-AFF7-438B75BE5B09}.Release|Mixed Platforms.Build.0 = Release|Any CPU
		{5EA72448-52D7-48D9-AFF7-438B75BE5B09}.Release|x86.ActiveCfg = Release|Any CPU
		{C2E00601-F1CD-44DC-A12C-B55793E87BB9}.Debug|Any CPU.ActiveCfg = Debug|Any CPU
		{C2E00601-F1CD-44DC-A12C-B55793E87BB9}.Debug|Any CPU.Build.0 = Debug|Any CPU
		{C2E00601-F1CD-44DC-A12C-B55793E87BB9}.Debug|Mixed Platforms.ActiveCfg = Debug|Any CPU
		{C2E00601-F1CD-44DC-A12C-B55793E87BB9}.Debug|Mixed Platforms.Build.0 = Debug|Any CPU
		{C2E00601-F1CD-44DC-A12C-B55793E87BB9}.Debug|x86.ActiveCfg = Debug|Any CPU
		{C2E00601-F1CD-44DC-A12C-B55793E87BB9}.Release|Any CPU.ActiveCfg = Release|Any CPU
		{C2E00601-F1CD-44DC-A12C-B55793E87BB9}.Release|Any CPU.Build.0 = Release|Any CPU
		{C2E00601-F1CD-44DC-A12C-B55793E87BB9}.Release|Mixed Platforms.ActiveCfg = Release|Any CPU
		{C2E00601-F1CD-44DC-A12C-B55793E87BB9}.Release|Mixed Platforms.Build.0 = Release|Any CPU
		{C2E00601-F1CD-44DC-A12C-B55793E87BB9}.Release|x86.ActiveCfg = Release|Any CPU
		{43CF235E-1673-4A2D-A8E0-94F5E9E69B1F}.Debug|Any CPU.ActiveCfg = Debug|x86
		{43CF235E-1673-4A2D-A8E0-94F5E9E69B1F}.Debug|Mixed Platforms.ActiveCfg = Debug|x86
		{43CF235E-1673-4A2D-A8E0-94F5E9E69B1F}.Debug|Mixed Platforms.Build.0 = Debug|x86
		{43CF235E-1673-4A2D-A8E0-94F5E9E69B1F}.Debug|x86.ActiveCfg = Debug|x86
		{43CF235E-1673-4A2D-A8E0-94F5E9E69B1F}.Debug|x86.Build.0 = Debug|x86
		{43CF235E-1673-4A2D-A8E0-94F5E9E69B1F}.Release|Any CPU.ActiveCfg = Release|x86
		{43CF235E-1673-4A2D-A8E0-94F5E9E69B1F}.Release|Mixed Platforms.ActiveCfg = Release|x86
		{43CF235E-1673-4A2D-A8E0-94F5E9E69B1F}.Release|Mixed Platforms.Build.0 = Release|x86
		{43CF235E-1673-4A2D-A8E0-94F5E9E69B1F}.Release|x86.ActiveCfg = Release|x86
		{43CF235E-1673-4A2D-A8E0-94F5E9E69B1F}.Release|x86.Build.0 = Release|x86
		{621D8BCC-DAF5-4CCD-AF77-8CD702680F97}.Debug|Any CPU.ActiveCfg = Debug|x86
		{621D8BCC-DAF5-4CCD-AF77-8CD702680F97}.Debug|Mixed Platforms.ActiveCfg = Debug|x86
		{621D8BCC-DAF5-4CCD-AF77-8CD702680F97}.Debug|Mixed Platforms.Build.0 = Debug|x86
		{621D8BCC-DAF5-4CCD-AF77-8CD702680F97}.Debug|x86.ActiveCfg = Debug|x86
		{621D8BCC-DAF5-4CCD-AF77-8CD702680F97}.Debug|x86.Build.0 = Debug|x86
		{621D8BCC-DAF5-4CCD-AF77-8CD702680F97}.Release|Any CPU.ActiveCfg = Release|x86
		{621D8BCC-DAF5-4CCD-AF77-8CD702680F97}.Release|Mixed Platforms.ActiveCfg = Release|x86
		{621D8BCC-DAF5-4CCD-AF77-8CD702680F97}.Release|Mixed Platforms.Build.0 = Release|x86
		{621D8BCC-DAF5-4CCD-AF77-8CD702680F97}.Release|x86.ActiveCfg = Release|x86
		{621D8BCC-DAF5-4CCD-AF77-8CD702680F97}.Release|x86.Build.0 = Release|x86
	EndGlobalSection
	GlobalSection(SolutionProperties) = preSolution
		HideSolutionNode = FALSE
	EndGlobalSection
	GlobalSection(NestedProjects) = preSolution
		{08B04F53-A5F1-47EA-B0E2-3F6E4C6A0C52} = {281823F1-E92A-4BDA-9E32-B9FCB723B70B}
		{457A4BE9-7662-4571-8E42-D0E20CBC7FED} = {281823F1-E92A-4BDA-9E32-B9FCB723B70B}
		{65A4DDF4-3186-4A5F-995D-10B556A50D44} = {1944DD5A-0FEE-4E50-80D4-59D4A646C711}
		{5EA72448-52D7-48D9-AFF7-438B75BE5B09} = {1944DD5A-0FEE-4E50-80D4-59D4A646C711}
		{C2E00601-F1CD-44DC-A12C-B55793E87BB9} = {1944DD5A-0FEE-4E50-80D4-59D4A646C711}
		{43CF235E-1673-4A2D-A8E0-94F5E9E69B1F} = {878B276C-B3FC-4022-A5B0-45CC08A27362}
		{621D8BCC-DAF5-4CCD-AF77-8CD702680F97} = {878B276C-B3FC-4022-A5B0-45CC08A27362}
	EndGlobalSection
	GlobalSection(ExtensibilityGlobals) = postSolution
		EnterpriseLibraryConfigurationToolBinariesPath = packages\Unity.2.1.505.2\lib\NET35
	EndGlobalSection
EndGlobal
